
Microsoft Visual Studio Solution File, Format Version 12.00
# Visual Studio Version 16
VisualStudioVersion = 16.0.28803.352
MinimumVisualStudioVersion = 10.0.40219.1
Project("{9A19103F-16F7-4668-BE54-9A1E7A4F7556}") = "SwishApi", "SwishApi\SwishApi.csproj", "{657003A5-C629-4076-9B5A-DB6602256921}"
EndProject
Project("{FAE04EC0-301F-11D3-BF4B-00C04F79EFBC}") = "SwishApiConsoleTest", "SwishApiConsoleTest\SwishApiConsoleTest.csproj", "{E0C59FC0-4419-4923-B0AA-BA540E937C9D}"
EndProject
Global
	GlobalSection(SolutionConfigurationPlatforms) = preSolution
		Debug|Any CPU = Debug|Any CPU
		Release|Any CPU = Release|Any CPU
	EndGlobalSection
	GlobalSection(ProjectConfigurationPlatforms) = postSolution
		{657003A5-C629-4076-9B5A-DB6602256921}.Debug|Any CPU.ActiveCfg = Debug|Any CPU
		{657003A5-C629-4076-9B5A-DB6602256921}.Debug|Any CPU.Build.0 = Debug|Any CPU
		{657003A5-C629-4076-9B5A-DB6602256921}.Release|Any CPU.ActiveCfg = Release|Any CPU
		{657003A5-C629-4076-9B5A-DB6602256921}.Release|Any CPU.Build.0 = Release|Any CPU
		{E0C59FC0-4419-4923-B0AA-BA540E937C9D}.Debug|Any CPU.ActiveCfg = Debug|Any CPU
		{E0C59FC0-4419-4923-B0AA-BA540E937C9D}.Debug|Any CPU.Build.0 = Debug|Any CPU
		{E0C59FC0-4419-4923-B0AA-BA540E937C9D}.Release|Any CPU.ActiveCfg = Release|Any CPU
		{E0C59FC0-4419-4923-B0AA-BA540E937C9D}.Release|Any CPU.Build.0 = Release|Any CPU
	EndGlobalSection
	GlobalSection(SolutionProperties) = preSolution
		HideSolutionNode = FALSE
	EndGlobalSection
	GlobalSection(ExtensibilityGlobals) = postSolution
		SolutionGuid = {047F132F-E230-4364-A44E-1E90232EDC7D}
	EndGlobalSection
EndGlobal
